
Microsoft Visual Studio Solution File, Format Version 12.00
# Visual Studio 15
VisualStudioVersion = 15.0.28010.2050
MinimumVisualStudioVersion = 10.0.40219.1
Project("{FAE04EC0-301F-11D3-BF4B-00C04F79EFBC}") = "Employee", "Employee\Employee.csproj", "{CE10E357-DFDF-4B83-A326-4F1DA2DF0EBC}"
EndProject
Global
	GlobalSection(SolutionConfigurationPlatforms) = preSolution
		Debug|Any CPU = Debug|Any CPU
		Release|Any CPU = Release|Any CPU
	EndGlobalSection
	GlobalSection(ProjectConfigurationPlatforms) = postSolution
		{CE10E357-DFDF-4B83-A326-4F1DA2DF0EBC}.Debug|Any CPU.ActiveCfg = Debug|Any CPU
		{CE10E357-DFDF-4B83-A326-4F1DA2DF0EBC}.Debug|Any CPU.Build.0 = Debug|Any CPU
		{CE10E357-DFDF-4B83-A326-4F1DA2DF0EBC}.Release|Any CPU.ActiveCfg = Release|Any CPU
		{CE10E357-DFDF-4B83-A326-4F1DA2DF0EBC}.Release|Any CPU.Build.0 = Release|Any CPU
	EndGlobalSection
	GlobalSection(SolutionProperties) = preSolution
		HideSolutionNode = FALSE
	EndGlobalSection
	GlobalSection(ExtensibilityGlobals) = postSolution
		SolutionGuid = {A2724982-10C3-4584-91C3-6EF7104BA1C3}
	EndGlobalSection
EndGlobal
